// !$*UTF8*$!
{
	archiveVersion = 1;
	classes = {
	};
	objectVersion = 56;
	objects = {

/* Begin PBXBuildFile section */
		CEC55A4B2ABDFEC400A5A366 /* TaskListApp.swift in Sources */ = {isa = PBXBuildFile; fileRef = CEC55A4A2ABDFEC400A5A366 /* TaskListApp.swift */; };
		CEC55A4D2ABDFEC400A5A366 /* ContentView.swift in Sources */ = {isa = PBXBuildFile; fileRef = CEC55A4C2ABDFEC400A5A366 /* ContentView.swift */; };
		CEC55A4F2ABDFEC800A5A366 /* Assets.xcassets in Resources */ = {isa = PBXBuildFile; fileRef = CEC55A4E2ABDFEC800A5A366 /* Assets.xcassets */; };
		CEC55A522ABDFEC800A5A366 /* Preview Assets.xcassets in Resources */ = {isa = PBXBuildFile; fileRef = CEC55A512ABDFEC800A5A366 /* Preview Assets.xcassets */; };
		CEC55A5C2ABDFEC800A5A366 /* TaskListTests.swift in Sources */ = {isa = PBXBuildFile; fileRef = CEC55A5B2ABDFEC800A5A366 /* TaskListTests.swift */; };
		CEC55A662ABDFEC800A5A366 /* TaskListUITests.swift in Sources */ = {isa = PBXBuildFile; fileRef = CEC55A652ABDFEC800A5A366 /* TaskListUITests.swift */; };
		CEC55A682ABDFEC800A5A366 /* TaskListUITestsLaunchTests.swift in Sources */ = {isa = PBXBuildFile; fileRef = CEC55A672ABDFEC800A5A366 /* TaskListUITestsLaunchTests.swift */; };
		CEC55A7B2ABE017200A5A366 /* TaskScreen.swift in Sources */ = {isa = PBXBuildFile; fileRef = CEC55A7A2ABE017200A5A366 /* TaskScreen.swift */; };
		CED933462ABE2CF200EED1D7 /* CirculoBoolean.swift in Sources */ = {isa = PBXBuildFile; fileRef = CED933452ABE2CF200EED1D7 /* CirculoBoolean.swift */; };
/* End PBXBuildFile section */

/* Begin PBXContainerItemProxy section */
		CEC55A582ABDFEC800A5A366 /* PBXContainerItemProxy */ = {
			isa = PBXContainerItemProxy;
			containerPortal = CEC55A3F2ABDFEC400A5A366 /* Project object */;
			proxyType = 1;
			remoteGlobalIDString = CEC55A462ABDFEC400A5A366;
			remoteInfo = TaskList;
		};
		CEC55A622ABDFEC800A5A366 /* PBXContainerItemProxy */ = {
			isa = PBXContainerItemProxy;
			containerPortal = CEC55A3F2ABDFEC400A5A366 /* Project object */;
			proxyType = 1;
			remoteGlobalIDString = CEC55A462ABDFEC400A5A366;
			remoteInfo = TaskList;
		};
/* End PBXContainerItemProxy section */

/* Begin PBXFileReference section */
		CEC55A472ABDFEC400A5A366 /* TaskList.app */ = {isa = PBXFileReference; explicitFileType = wrapper.application; includeInIndex = 0; path = TaskList.app; sourceTree = BUILT_PRODUCTS_DIR; };
		CEC55A4A2ABDFEC400A5A366 /* TaskListApp.swift */ = {isa = PBXFileReference; lastKnownFileType = sourcecode.swift; path = TaskListApp.swift; sourceTree = "<group>"; };
		CEC55A4C2ABDFEC400A5A366 /* ContentView.swift */ = {isa = PBXFileReference; lastKnownFileType = sourcecode.swift; path = ContentView.swift; sourceTree = "<group>"; };
		CEC55A4E2ABDFEC800A5A366 /* Assets.xcassets */ = {isa = PBXFileReference; lastKnownFileType = folder.assetcatalog; path = Assets.xcassets; sourceTree = "<group>"; };
		CEC55A512ABDFEC800A5A366 /* Preview Assets.xcassets */ = {isa = PBXFileReference; lastKnownFileType = folder.assetcatalog; path = "Preview Assets.xcassets"; sourceTree = "<group>"; };
		CEC55A572ABDFEC800A5A366 /* TaskListTests.xctest */ = {isa = PBXFileReference; explicitFileType = wrapper.cfbundle; includeInIndex = 0; path = TaskListTests.xctest; sourceTree = BUILT_PRODUCTS_DIR; };
		CEC55A5B2ABDFEC800A5A366 /* TaskListTests.swift */ = {isa = PBXFileReference; lastKnownFileType = sourcecode.swift; path = TaskListTests.swift; sourceTree = "<group>"; };
		CEC55A612ABDFEC800A5A366 /* TaskListUITests.xctest */ = {isa = PBXFileReference; explicitFileType = wrapper.cfbundle; includeInIndex = 0; path = TaskListUITests.xctest; sourceTree = BUILT_PRODUCTS_DIR; };
		CEC55A652ABDFEC800A5A366 /* TaskListUITests.swift */ = {isa = PBXFileReference; lastKnownFileType = sourcecode.swift; path = TaskListUITests.swift; sourceTree = "<group>"; };
		CEC55A672ABDFEC800A5A366 /* TaskListUITestsLaunchTests.swift */ = {isa = PBXFileReference; lastKnownFileType = sourcecode.swift; path = TaskListUITestsLaunchTests.swift; sourceTree = "<group>"; };
		CEC55A7A2ABE017200A5A366 /* TaskScreen.swift */ = {isa = PBXFileReference; lastKnownFileType = sourcecode.swift; path = TaskScreen.swift; sourceTree = "<group>"; };
		CED933452ABE2CF200EED1D7 /* CirculoBoolean.swift */ = {isa = PBXFileReference; lastKnownFileType = sourcecode.swift; path = CirculoBoolean.swift; sourceTree = "<group>"; };
/* End PBXFileReference section */

/* Begin PBXFrameworksBuildPhase section */
		CEC55A442ABDFEC400A5A366 /* Frameworks */ = {
			isa = PBXFrameworksBuildPhase;
			buildActionMask = 2147483647;
			files = (
			);
			runOnlyForDeploymentPostprocessing = 0;
		};
		CEC55A542ABDFEC800A5A366 /* Frameworks */ = {
			isa = PBXFrameworksBuildPhase;
			buildActionMask = 2147483647;
			files = (
			);
			runOnlyForDeploymentPostprocessing = 0;
		};
		CEC55A5E2ABDFEC800A5A366 /* Frameworks */ = {
			isa = PBXFrameworksBuildPhase;
			buildActionMask = 2147483647;
			files = (
			);
			runOnlyForDeploymentPostprocessing = 0;
		};
/* End PBXFrameworksBuildPhase section */

/* Begin PBXGroup section */
		CEC55A3E2ABDFEC400A5A366 = {
			isa = PBXGroup;
			children = (
				CEC55A492ABDFEC400A5A366 /* TaskList */,
				CEC55A5A2ABDFEC800A5A366 /* TaskListTests */,
				CEC55A642ABDFEC800A5A366 /* TaskListUITests */,
				CEC55A482ABDFEC400A5A366 /* Products */,
			);
			sourceTree = "<group>";
		};
		CEC55A482ABDFEC400A5A366 /* Products */ = {
			isa = PBXGroup;
			children = (
				CEC55A472ABDFEC400A5A366 /* TaskList.app */,
				CEC55A572ABDFEC800A5A366 /* TaskListTests.xctest */,
				CEC55A612ABDFEC800A5A366 /* TaskListUITests.xctest */,
			);
			name = Products;
			sourceTree = "<group>";
		};
		CEC55A492ABDFEC400A5A366 /* TaskList */ = {
			isa = PBXGroup;
			children = (
				CEC55A4A2ABDFEC400A5A366 /* TaskListApp.swift */,
				CEC55A4C2ABDFEC400A5A366 /* ContentView.swift */,
				CEC55A7A2ABE017200A5A366 /* TaskScreen.swift */,
				CED933452ABE2CF200EED1D7 /* CirculoBoolean.swift */,
				CEC55A4E2ABDFEC800A5A366 /* Assets.xcassets */,
				CEC55A502ABDFEC800A5A366 /* Preview Content */,
			);
			path = TaskList;
			sourceTree = "<group>";
		};
		CEC55A502ABDFEC800A5A366 /* Preview Content */ = {
			isa = PBXGroup;
			children = (
				CEC55A512ABDFEC800A5A366 /* Preview Assets.xcassets */,
			);
			path = "Preview Content";
			sourceTree = "<group>";
		};
		CEC55A5A2ABDFEC800A5A366 /* TaskListTests */ = {
			isa = PBXGroup;
			children = (
				CEC55A5B2ABDFEC800A5A366 /* TaskListTests.swift */,
			);
			path = TaskListTests;
			sourceTree = "<group>";
		};
		CEC55A642ABDFEC800A5A366 /* TaskListUITests */ = {
			isa = PBXGroup;
			children = (
				CEC55A652ABDFEC800A5A366 /* TaskListUITests.swift */,
				CEC55A672ABDFEC800A5A366 /* TaskListUITestsLaunchTests.swift */,
			);
			path = TaskListUITests;
			sourceTree = "<group>";
		};
/* End PBXGroup section */

/* Begin PBXNativeTarget section */
		CEC55A462ABDFEC400A5A366 /* TaskList */ = {
			isa = PBXNativeTarget;
			buildConfigurationList = CEC55A6B2ABDFEC800A5A366 /* Build configuration list for PBXNativeTarget "TaskList" */;
			buildPhases = (
				CEC55A432ABDFEC400A5A366 /* Sources */,
				CEC55A442ABDFEC400A5A366 /* Frameworks */,
				CEC55A452ABDFEC400A5A366 /* Resources */,
			);
			buildRules = (
			);
			dependencies = (
			);
			name = TaskList;
			productName = TaskList;
			productReference = CEC55A472ABDFEC400A5A366 /* TaskList.app */;
			productType = "com.apple.product-type.application";
		};
		CEC55A562ABDFEC800A5A366 /* TaskListTests */ = {
			isa = PBXNativeTarget;
			buildConfigurationList = CEC55A6E2ABDFEC800A5A366 /* Build configuration list for PBXNativeTarget "TaskListTests" */;
			buildPhases = (
				CEC55A532ABDFEC800A5A366 /* Sources */,
				CEC55A542ABDFEC800A5A366 /* Frameworks */,
				CEC55A552ABDFEC800A5A366 /* Resources */,
			);
			buildRules = (
			);
			dependencies = (
				CEC55A592ABDFEC800A5A366 /* PBXTargetDependency */,
			);
			name = TaskListTests;
			productName = TaskListTests;
			productReference = CEC55A572ABDFEC800A5A366 /* TaskListTests.xctest */;
			productType = "com.apple.product-type.bundle.unit-test";
		};
		CEC55A602ABDFEC800A5A366 /* TaskListUITests */ = {
			isa = PBXNativeTarget;
			buildConfigurationList = CEC55A712ABDFEC800A5A366 /* Build configuration list for PBXNativeTarget "TaskListUITests" */;
			buildPhases = (
				CEC55A5D2ABDFEC800A5A366 /* Sources */,
				CEC55A5E2ABDFEC800A5A366 /* Frameworks */,
				CEC55A5F2ABDFEC800A5A366 /* Resources */,
			);
			buildRules = (
			);
			dependencies = (
				CEC55A632ABDFEC800A5A366 /* PBXTargetDependency */,
			);
			name = TaskListUITests;
			productName = TaskListUITests;
			productReference = CEC55A612ABDFEC800A5A366 /* TaskListUITests.xctest */;
			productType = "com.apple.product-type.bundle.ui-testing";
		};
/* End PBXNativeTarget section */

/* Begin PBXProject section */
		CEC55A3F2ABDFEC400A5A366 /* Project object */ = {
			isa = PBXProject;
			attributes = {
				BuildIndependentTargetsInParallel = 1;
				LastSwiftUpdateCheck = 1420;
				LastUpgradeCheck = 1420;
				TargetAttributes = {
					CEC55A462ABDFEC400A5A366 = {
						CreatedOnToolsVersion = 14.2;
					};
					CEC55A562ABDFEC800A5A366 = {
						CreatedOnToolsVersion = 14.2;
						TestTargetID = CEC55A462ABDFEC400A5A366;
					};
					CEC55A602ABDFEC800A5A366 = {
						CreatedOnToolsVersion = 14.2;
						TestTargetID = CEC55A462ABDFEC400A5A366;
					};
				};
			};
			buildConfigurationList = CEC55A422ABDFEC400A5A366 /* Build configuration list for PBXProject "TaskList" */;
			compatibilityVersion = "Xcode 14.0";
			developmentRegion = en;
			hasScannedForEncodings = 0;
			knownRegions = (
				en,
				Base,
			);
			mainGroup = CEC55A3E2ABDFEC400A5A366;
			productRefGroup = CEC55A482ABDFEC400A5A366 /* Products */;
			projectDirPath = "";
			projectRoot = "";
			targets = (
				CEC55A462ABDFEC400A5A366 /* TaskList */,
				CEC55A562ABDFEC800A5A366 /* TaskListTests */,
				CEC55A602ABDFEC800A5A366 /* TaskListUITests */,
			);
		};
/* End PBXProject section */

/* Begin PBXResourcesBuildPhase section */
		CEC55A452ABDFEC400A5A366 /* Resources */ = {
			isa = PBXResourcesBuildPhase;
			buildActionMask = 2147483647;
			files = (
				CEC55A522ABDFEC800A5A366 /* Preview Assets.xcassets in Resources */,
				CEC55A4F2ABDFEC800A5A366 /* Assets.xcassets in Resources */,
			);
			runOnlyForDeploymentPostprocessing = 0;
		};
		CEC55A552ABDFEC800A5A366 /* Resources */ = {
			isa = PBXResourcesBuildPhase;
			buildActionMask = 2147483647;
			files = (
			);
			runOnlyForDeploymentPostprocessing = 0;
		};
		CEC55A5F2ABDFEC800A5A366 /* Resources */ = {
			isa = PBXResourcesBuildPhase;
			buildActionMask = 2147483647;
			files = (
			);
			runOnlyForDeploymentPostprocessing = 0;
		};
/* End PBXResourcesBuildPhase section */

/* Begin PBXSourcesBuildPhase section */
		CEC55A432ABDFEC400A5A366 /* Sources */ = {
			isa = PBXSourcesBuildPhase;
			buildActionMask = 2147483647;
			files = (
				CED933462ABE2CF200EED1D7 /* CirculoBoolean.swift in Sources */,
				CEC55A4D2ABDFEC400A5A366 /* ContentView.swift in Sources */,
				CEC55A7B2ABE017200A5A366 /* TaskScreen.swift in Sources */,
				CEC55A4B2ABDFEC400A5A366 /* TaskListApp.swift in Sources */,
			);
			runOnlyForDeploymentPostprocessing = 0;
		};
		CEC55A532ABDFEC800A5A366 /* Sources */ = {
			isa = PBXSourcesBuildPhase;
			buildActionMask = 2147483647;
			files = (
				CEC55A5C2ABDFEC800A5A366 /* TaskListTests.swift in Sources */,
			);
			runOnlyForDeploymentPostprocessing = 0;
		};
		CEC55A5D2ABDFEC800A5A366 /* Sources */ = {
			isa = PBXSourcesBuildPhase;
			buildActionMask = 2147483647;
			files = (
				CEC55A682ABDFEC800A5A366 /* TaskListUITestsLaunchTests.swift in Sources */,
				CEC55A662ABDFEC800A5A366 /* TaskListUITests.swift in Sources */,
			);
			runOnlyForDeploymentPostprocessing = 0;
		};
/* End PBXSourcesBuildPhase section */

/* Begin PBXTargetDependency section */
		CEC55A592ABDFEC800A5A366 /* PBXTargetDependency */ = {
			isa = PBXTargetDependency;
			target = CEC55A462ABDFEC400A5A366 /* TaskList */;
			targetProxy = CEC55A582ABDFEC800A5A366 /* PBXContainerItemProxy */;
		};
		CEC55A632ABDFEC800A5A366 /* PBXTargetDependency */ = {
			isa = PBXTargetDependency;
			target = CEC55A462ABDFEC400A5A366 /* TaskList */;
			targetProxy = CEC55A622ABDFEC800A5A366 /* PBXContainerItemProxy */;
		};
/* End PBXTargetDependency section */

/* Begin XCBuildConfiguration section */
		CEC55A692ABDFEC800A5A366 /* Debug */ = {
			isa = XCBuildConfiguration;
			buildSettings = {
				ALWAYS_SEARCH_USER_PATHS = NO;
				CLANG_ANALYZER_NONNULL = YES;
				CLANG_ANALYZER_NUMBER_OBJECT_CONVERSION = YES_AGGRESSIVE;
				CLANG_CXX_LANGUAGE_STANDARD = "gnu++20";
				CLANG_ENABLE_MODULES = YES;
				CLANG_ENABLE_OBJC_ARC = YES;
				CLANG_ENABLE_OBJC_WEAK = YES;
				CLANG_WARN_BLOCK_CAPTURE_AUTORELEASING = YES;
				CLANG_WARN_BOOL_CONVERSION = YES;
				CLANG_WARN_COMMA = YES;
				CLANG_WARN_CONSTANT_CONVERSION = YES;
				CLANG_WARN_DEPRECATED_OBJC_IMPLEMENTATIONS = YES;
				CLANG_WARN_DIRECT_OBJC_ISA_USAGE = YES_ERROR;
				CLANG_WARN_DOCUMENTATION_COMMENTS = YES;
				CLANG_WARN_EMPTY_BODY = YES;
				CLANG_WARN_ENUM_CONVERSION = YES;
				CLANG_WARN_INFINITE_RECURSION = YES;
				CLANG_WARN_INT_CONVERSION = YES;
				CLANG_WARN_NON_LITERAL_NULL_CONVERSION = YES;
				CLANG_WARN_OBJC_IMPLICIT_RETAIN_SELF = YES;
				CLANG_WARN_OBJC_LITERAL_CONVERSION = YES;
				CLANG_WARN_OBJC_ROOT_CLASS = YES_ERROR;
				CLANG_WARN_QUOTED_INCLUDE_IN_FRAMEWORK_HEADER = YES;
				CLANG_WARN_RANGE_LOOP_ANALYSIS = YES;
				CLANG_WARN_STRICT_PROTOTYPES = YES;
				CLANG_WARN_SUSPICIOUS_MOVE = YES;
				CLANG_WARN_UNGUARDED_AVAILABILITY = YES_AGGRESSIVE;
				CLANG_WARN_UNREACHABLE_CODE = YES;
				CLANG_WARN__DUPLICATE_METHOD_MATCH = YES;
				COPY_PHASE_STRIP = NO;
				DEBUG_INFORMATION_FORMAT = dwarf;
				ENABLE_STRICT_OBJC_MSGSEND = YES;
				ENABLE_TESTABILITY = YES;
				GCC_C_LANGUAGE_STANDARD = gnu11;
				GCC_DYNAMIC_NO_PIC = NO;
				GCC_NO_COMMON_BLOCKS = YES;
				GCC_OPTIMIZATION_LEVEL = 0;
				GCC_PREPROCESSOR_DEFINITIONS = (
					"DEBUG=1",
					"$(inherited)",
				);
				GCC_WARN_64_TO_32_BIT_CONVERSION = YES;
				GCC_WARN_ABOUT_RETURN_TYPE = YES_ERROR;
				GCC_WARN_UNDECLARED_SELECTOR = YES;
				GCC_WARN_UNINITIALIZED_AUTOS = YES_AGGRESSIVE;
				GCC_WARN_UNUSED_FUNCTION = YES;
				GCC_WARN_UNUSED_VARIABLE = YES;
				IPHONEOS_DEPLOYMENT_TARGET = 16.2;
				MTL_ENABLE_DEBUG_INFO = INCLUDE_SOURCE;
				MTL_FAST_MATH = YES;
				ONLY_ACTIVE_ARCH = YES;
				SDKROOT = iphoneos;
				SWIFT_ACTIVE_COMPILATION_CONDITIONS = DEBUG;
				SWIFT_OPTIMIZATION_LEVEL = "-Onone";
			};
			name = Debug;
		};
		CEC55A6A2ABDFEC800A5A366 /* Release */ = {
			isa = XCBuildConfiguration;
			buildSettings = {
				ALWAYS_SEARCH_USER_PATHS = NO;
				CLANG_ANALYZER_NONNULL = YES;
				CLANG_ANALYZER_NUMBER_OBJECT_CONVERSION = YES_AGGRESSIVE;
				CLANG_CXX_LANGUAGE_STANDARD = "gnu++20";
				CLANG_ENABLE_MODULES = YES;
				CLANG_ENABLE_OBJC_ARC = YES;
				CLANG_ENABLE_OBJC_WEAK = YES;
				CLANG_WARN_BLOCK_CAPTURE_AUTORELEASING = YES;
				CLANG_WARN_BOOL_CONVERSION = YES;
				CLANG_WARN_COMMA = YES;
				CLANG_WARN_CONSTANT_CONVERSION = YES;
				CLANG_WARN_DEPRECATED_OBJC_IMPLEMENTATIONS = YES;
				CLANG_WARN_DIRECT_OBJC_ISA_USAGE = YES_ERROR;
				CLANG_WARN_DOCUMENTATION_COMMENTS = YES;
				CLANG_WARN_EMPTY_BODY = YES;
				CLANG_WARN_ENUM_CONVERSION = YES;
				CLANG_WARN_INFINITE_RECURSION = YES;
				CLANG_WARN_INT_CONVERSION = YES;
				CLANG_WARN_NON_LITERAL_NULL_CONVERSION = YES;
				CLANG_WARN_OBJC_IMPLICIT_RETAIN_SELF = YES;
				CLANG_WARN_OBJC_LITERAL_CONVERSION = YES;
				CLANG_WARN_OBJC_ROOT_CLASS = YES_ERROR;
				CLANG_WARN_QUOTED_INCLUDE_IN_FRAMEWORK_HEADER = YES;
				CLANG_WARN_RANGE_LOOP_ANALYSIS = YES;
				CLANG_WARN_STRICT_PROTOTYPES = YES;
				CLANG_WARN_SUSPICIOUS_MOVE = YES;
				CLANG_WARN_UNGUARDED_AVAILABILITY = YES_AGGRESSIVE;
				CLANG_WARN_UNREACHABLE_CODE = YES;
				CLANG_WARN__DUPLICATE_METHOD_MATCH = YES;
				COPY_PHASE_STRIP = NO;
				DEBUG_INFORMATION_FORMAT = "dwarf-with-dsym";
				ENABLE_NS_ASSERTIONS = NO;
				ENABLE_STRICT_OBJC_MSGSEND = YES;
				GCC_C_LANGUAGE_STANDARD = gnu11;
				GCC_NO_COMMON_BLOCKS = YES;
				GCC_WARN_64_TO_32_BIT_CONVERSION = YES;
				GCC_WARN_ABOUT_RETURN_TYPE = YES_ERROR;
				GCC_WARN_UNDECLARED_SELECTOR = YES;
				GCC_WARN_UNINITIALIZED_AUTOS = YES_AGGRESSIVE;
				GCC_WARN_UNUSED_FUNCTION = YES;
				GCC_WARN_UNUSED_VARIABLE = YES;
				IPHONEOS_DEPLOYMENT_TARGET = 16.2;
				MTL_ENABLE_DEBUG_INFO = NO;
				MTL_FAST_MATH = YES;
				SDKROOT = iphoneos;
				SWIFT_COMPILATION_MODE = wholemodule;
				SWIFT_OPTIMIZATION_LEVEL = "-O";
				VALIDATE_PRODUCT = YES;
			};
			name = Release;
		};
		CEC55A6C2ABDFEC800A5A366 /* Debug */ = {
			isa = XCBuildConfiguration;
			buildSettings = {
				ASSETCATALOG_COMPILER_APPICON_NAME = AppIcon;
				ASSETCATALOG_COMPILER_GLOBAL_ACCENT_COLOR_NAME = AccentColor;
				CODE_SIGN_STYLE = Automatic;
				CURRENT_PROJECT_VERSION = 1;
				DEVELOPMENT_ASSET_PATHS = "\"TaskList/Preview Content\"";
				ENABLE_PREVIEWS = YES;
				GENERATE_INFOPLIST_FILE = YES;
				INFOPLIST_KEY_UIApplicationSceneManifest_Generation = YES;
				INFOPLIST_KEY_UIApplicationSupportsIndirectInputEvents = YES;
				INFOPLIST_KEY_UILaunchScreen_Generation = YES;
				INFOPLIST_KEY_UISupportedInterfaceOrientations_iPad = "UIInterfaceOrientationPortrait UIInterfaceOrientationPortraitUpsideDown UIInterfaceOrientationLandscapeLeft UIInterfaceOrientationLandscapeRight";
				INFOPLIST_KEY_UISupportedInterfaceOrientations_iPhone = "UIInterfaceOrientationPortrait UIInterfaceOrientationLandscapeLeft UIInterfaceOrientationLandscapeRight";
				LD_RUNPATH_SEARCH_PATHS = (
					"$(inherited)",
					"@executable_path/Frameworks",
				);
				MARKETING_VERSION = 1.0;
				PRODUCT_BUNDLE_IDENTIFIER = class01.TaskList;
				PRODUCT_NAME = "$(TARGET_NAME)";
				SWIFT_EMIT_LOC_STRINGS = YES;
				SWIFT_VERSION = 5.0;
				TARGETED_DEVICE_FAMILY = "1,2";
			};
			name = Debug;
		};
		CEC55A6D2ABDFEC800A5A366 /* Release */ = {
			isa = XCBuildConfiguration;
			buildSettings = {
				ASSETCATALOG_COMPILER_APPICON_NAME = AppIcon;
				ASSETCATALOG_COMPILER_GLOBAL_ACCENT_COLOR_NAME = AccentColor;
				CODE_SIGN_STYLE = Automatic;
				CURRENT_PROJECT_VERSION = 1;
				DEVELOPMENT_ASSET_PATHS = "\"TaskList/Preview Content\"";
				ENABLE_PREVIEWS = YES;
				GENERATE_INFOPLIST_FILE = YES;
				INFOPLIST_KEY_UIApplicationSceneManifest_Generation = YES;
				INFOPLIST_KEY_UIApplicationSupportsIndirectInputEvents = YES;
				INFOPLIST_KEY_UILaunchScreen_Generation = YES;
				INFOPLIST_KEY_UISupportedInterfaceOrientations_iPad = "UIInterfaceOrientationPortrait UIInterfaceOrientationPortraitUpsideDown UIInterfaceOrientationLandscapeLeft UIInterfaceOrientationLandscapeRight";
				INFOPLIST_KEY_UISupportedInterfaceOrientations_iPhone = "UIInterfaceOrientationPortrait UIInterfaceOrientationLandscapeLeft UIInterfaceOrientationLandscapeRight";
				LD_RUNPATH_SEARCH_PATHS = (
					"$(inherited)",
					"@executable_path/Frameworks",
				);
				MARKETING_VERSION = 1.0;
				PRODUCT_BUNDLE_IDENTIFIER = class01.TaskList;
				PRODUCT_NAME = "$(TARGET_NAME)";
				SWIFT_EMIT_LOC_STRINGS = YES;
				SWIFT_VERSION = 5.0;
				TARGETED_DEVICE_FAMILY = "1,2";
			};
			name = Release;
		};
		CEC55A6F2ABDFEC800A5A366 /* Debug */ = {
			isa = XCBuildConfiguration;
			buildSettings = {
				ALWAYS_EMBED_SWIFT_STANDARD_LIBRARIES = YES;
				BUNDLE_LOADER = "$(TEST_HOST)";
				CODE_SIGN_STYLE = Automatic;
				CURRENT_PROJECT_VERSION = 1;
				GENERATE_INFOPLIST_FILE = YES;
				IPHONEOS_DEPLOYMENT_TARGET = 16.2;
				MARKETING_VERSION = 1.0;
				PRODUCT_BUNDLE_IDENTIFIER = class01.TaskListTests;
				PRODUCT_NAME = "$(TARGET_NAME)";
				SWIFT_EMIT_LOC_STRINGS = NO;
				SWIFT_VERSION = 5.0;
				TARGETED_DEVICE_FAMILY = "1,2";
				TEST_HOST = "$(BUILT_PRODUCTS_DIR)/TaskList.app/$(BUNDLE_EXECUTABLE_FOLDER_PATH)/TaskList";
			};
			name = Debug;
		};
		CEC55A702ABDFEC800A5A366 /* Release */ = {
			isa = XCBuildConfiguration;
			buildSettings = {
				ALWAYS_EMBED_SWIFT_STANDARD_LIBRARIES = YES;
				BUNDLE_LOADER = "$(TEST_HOST)";
				CODE_SIGN_STYLE = Automatic;
				CURRENT_PROJECT_VERSION = 1;
				GENERATE_INFOPLIST_FILE = YES;
				IPHONEOS_DEPLOYMENT_TARGET = 16.2;
				MARKETING_VERSION = 1.0;
				PRODUCT_BUNDLE_IDENTIFIER = class01.TaskListTests;
				PRODUCT_NAME = "$(TARGET_NAME)";
				SWIFT_EMIT_LOC_STRINGS = NO;
				SWIFT_VERSION = 5.0;
				TARGETED_DEVICE_FAMILY = "1,2";
				TEST_HOST = "$(BUILT_PRODUCTS_DIR)/TaskList.app/$(BUNDLE_EXECUTABLE_FOLDER_PATH)/TaskList";
			};
			name = Release;
		};
		CEC55A722ABDFEC800A5A366 /* Debug */ = {
			isa = XCBuildConfiguration;
			buildSettings = {
				ALWAYS_EMBED_SWIFT_STANDARD_LIBRARIES = YES;
				CODE_SIGN_STYLE = Automatic;
				CURRENT_PROJECT_VERSION = 1;
				GENERATE_INFOPLIST_FILE = YES;
				MARKETING_VERSION = 1.0;
				PRODUCT_BUNDLE_IDENTIFIER = class01.TaskListUITests;
				PRODUCT_NAME = "$(TARGET_NAME)";
				SWIFT_EMIT_LOC_STRINGS = NO;
				SWIFT_VERSION = 5.0;
				TARGETED_DEVICE_FAMILY = "1,2";
				TEST_TARGET_NAME = TaskList;
			};
			name = Debug;
		};
		CEC55A732ABDFEC800A5A366 /* Release */ = {
			isa = XCBuildConfiguration;
			buildSettings = {
				ALWAYS_EMBED_SWIFT_STANDARD_LIBRARIES = YES;
				CODE_SIGN_STYLE = Automatic;
				CURRENT_PROJECT_VERSION = 1;
				GENERATE_INFOPLIST_FILE = YES;
				MARKETING_VERSION = 1.0;
				PRODUCT_BUNDLE_IDENTIFIER = class01.TaskListUITests;
				PRODUCT_NAME = "$(TARGET_NAME)";
				SWIFT_EMIT_LOC_STRINGS = NO;
				SWIFT_VERSION = 5.0;
				TARGETED_DEVICE_FAMILY = "1,2";
				TEST_TARGET_NAME = TaskList;
			};
			name = Release;
		};
/* End XCBuildConfiguration section */

/* Begin XCConfigurationList section */
		CEC55A422ABDFEC400A5A366 /* Build configuration list for PBXProject "TaskList" */ = {
			isa = XCConfigurationList;
			buildConfigurations = (
				CEC55A692ABDFEC800A5A366 /* Debug */,
				CEC55A6A2ABDFEC800A5A366 /* Release */,
			);
			defaultConfigurationIsVisible = 0;
			defaultConfigurationName = Release;
		};
		CEC55A6B2ABDFEC800A5A366 /* Build configuration list for PBXNativeTarget "TaskList" */ = {
			isa = XCConfigurationList;
			buildConfigurations = (
				CEC55A6C2ABDFEC800A5A366 /* Debug */,
				CEC55A6D2ABDFEC800A5A366 /* Release */,
			);
			defaultConfigurationIsVisible = 0;
			defaultConfigurationName = Release;
		};
		CEC55A6E2ABDFEC800A5A366 /* Build configuration list for PBXNativeTarget "TaskListTests" */ = {
			isa = XCConfigurationList;
			buildConfigurations = (
				CEC55A6F2ABDFEC800A5A366 /* Debug */,
				CEC55A702ABDFEC800A5A366 /* Release */,
			);
			defaultConfigurationIsVisible = 0;
			defaultConfigurationName = Release;
		};
		CEC55A712ABDFEC800A5A366 /* Build configuration list for PBXNativeTarget "TaskListUITests" */ = {
			isa = XCConfigurationList;
			buildConfigurations = (
				CEC55A722ABDFEC800A5A366 /* Debug */,
				CEC55A732ABDFEC800A5A366 /* Release */,
			);
			defaultConfigurationIsVisible = 0;
			defaultConfigurationName = Release;
		};
/* End XCConfigurationList section */
	};
	rootObject = CEC55A3F2ABDFEC400A5A366 /* Project object */;
}
